
Microsoft Visual Studio Solution File, Format Version 10.00
# Visual Studio 2008
Project("{E24C65DC-7377-472B-9ABA-BC803B73C61A}") = "web", "web\", "{1E3CDC35-A9C1-4929-9FE9-1C79B00629CE}"
	ProjectSection(WebsiteProperties) = preProject
		TargetFramework = "3.5"
		ProjectReferences = "{57D8DC96-BB10-40F2-A47E-1492775B2A30}|Business.dll;{FF099CC4-C793-49AE-A825-9E9406D61E78}|DataAccess.dll;"
		Debug.AspNetCompiler.VirtualPath = "/web"
		Debug.AspNetCompiler.PhysicalPath = "web\"
		Debug.AspNetCompiler.TargetPath = "PrecompiledWeb\web\"
		Debug.AspNetCompiler.Updateable = "true"
		Debug.AspNetCompiler.ForceOverwrite = "true"
		Debug.AspNetCompiler.FixedNames = "false"
		Debug.AspNetCompiler.Debug = "True"
		Release.AspNetCompiler.VirtualPath = "/web"
		Release.AspNetCompiler.PhysicalPath = "web\"
		Release.AspNetCompiler.TargetPath = "PrecompiledWeb\web\"
		Release.AspNetCompiler.Updateable = "true"
		Release.AspNetCompiler.ForceOverwrite = "true"
		Release.AspNetCompiler.FixedNames = "false"
		Release.AspNetCompiler.Debug = "False"
		VWDPort = "12548"
		DefaultWebSiteLanguage = "Visual C#"
	EndProjectSection
EndProject
Project("{FAE04EC0-301F-11D3-BF4B-00C04F79EFBC}") = "DataAccess", "DataAccess\DataAccess.csproj", "{FF099CC4-C793-49AE-A825-9E9406D61E78}"
EndProject
Project("{FAE04EC0-301F-11D3-BF4B-00C04F79EFBC}") = "Business", "Business\Business.csproj", "{57D8DC96-BB10-40F2-A47E-1492775B2A30}"
EndProject
Global
	GlobalSection(SolutionConfigurationPlatforms) = preSolution
		Debug|Any CPU = Debug|Any CPU
		Release|Any CPU = Release|Any CPU
	EndGlobalSection
	GlobalSection(ProjectConfigurationPlatforms) = postSolution
		{1E3CDC35-A9C1-4929-9FE9-1C79B00629CE}.Debug|Any CPU.ActiveCfg = Debug|Any CPU
		{1E3CDC35-A9C1-4929-9FE9-1C79B00629CE}.Debug|Any CPU.Build.0 = Debug|Any CPU
		{1E3CDC35-A9C1-4929-9FE9-1C79B00629CE}.Release|Any CPU.ActiveCfg = Debug|Any CPU
		{1E3CDC35-A9C1-4929-9FE9-1C79B00629CE}.Release|Any CPU.Build.0 = Debug|Any CPU
		{FF099CC4-C793-49AE-A825-9E9406D61E78}.Debug|Any CPU.ActiveCfg = Debug|Any CPU
		{FF099CC4-C793-49AE-A825-9E9406D61E78}.Debug|Any CPU.Build.0 = Debug|Any CPU
		{FF099CC4-C793-49AE-A825-9E9406D61E78}.Release|Any CPU.ActiveCfg = Release|Any CPU
		{FF099CC4-C793-49AE-A825-9E9406D61E78}.Release|Any CPU.Build.0 = Release|Any CPU
		{57D8DC96-BB10-40F2-A47E-1492775B2A30}.Debug|Any CPU.ActiveCfg = Debug|Any CPU
		{57D8DC96-BB10-40F2-A47E-1492775B2A30}.Debug|Any CPU.Build.0 = Debug|Any CPU
		{57D8DC96-BB10-40F2-A47E-1492775B2A30}.Release|Any CPU.ActiveCfg = Release|Any CPU
		{57D8DC96-BB10-40F2-A47E-1492775B2A30}.Release|Any CPU.Build.0 = Release|Any CPU
	EndGlobalSection
	GlobalSection(SolutionProperties) = preSolution
		HideSolutionNode = FALSE
	EndGlobalSection
EndGlobal
